<?xml version="1.0" encoding="UTF-8"?>
<CodeBlocks_project_file>
	<FileVersion major="1" minor="6"/>
	<Project>
		<Option title="math"/>
		<Option makefile_is_custom="1"/>
		<Option compiler="gcc"/>
		<Option virtualFolders="CMake Files\;CMake Files\src\;"/>
		<Build>
			<Target title="all">
				<Option working_dir="/Users/vorpal/Development/C++/math/debug"/>
				<Option type="4"/>
				<MakeCommands>
					<Build command="/usr/bin/make -j8 -f &quot;/Users/vorpal/Development/C++/math/debug/Makefile&quot;  VERBOSE=1 all"/>
					<CompileFile command="/usr/bin/make -j8 -f &quot;/Users/vorpal/Development/C++/math/debug/Makefile&quot;  VERBOSE=1 &quot;$file&quot;"/>
					<Clean command="/usr/bin/make -j8 -f &quot;/Users/vorpal/Development/C++/math/debug/Makefile&quot;  VERBOSE=1 clean"/>
					<DistClean command="/usr/bin/make -j8 -f &quot;/Users/vorpal/Development/C++/math/debug/Makefile&quot;  VERBOSE=1 clean"/>
				</MakeCommands>
			</Target>
			<Target title="rebuild_cache">
				<Option working_dir="/Users/vorpal/Development/C++/math/debug"/>
				<Option type="4"/>
				<MakeCommands>
					<Build command="/usr/bin/make -j8 -f &quot;/Users/vorpal/Development/C++/math/debug/Makefile&quot;  VERBOSE=1 rebuild_cache"/>
					<CompileFile command="/usr/bin/make -j8 -f &quot;/Users/vorpal/Development/C++/math/debug/Makefile&quot;  VERBOSE=1 &quot;$file&quot;"/>
					<Clean command="/usr/bin/make -j8 -f &quot;/Users/vorpal/Development/C++/math/debug/Makefile&quot;  VERBOSE=1 clean"/>
					<DistClean command="/usr/bin/make -j8 -f &quot;/Users/vorpal/Development/C++/math/debug/Makefile&quot;  VERBOSE=1 clean"/>
				</MakeCommands>
			</Target>
			<Target title="edit_cache">
				<Option working_dir="/Users/vorpal/Development/C++/math/debug"/>
				<Option type="4"/>
				<MakeCommands>
					<Build command="/usr/bin/make -j8 -f &quot;/Users/vorpal/Development/C++/math/debug/Makefile&quot;  VERBOSE=1 edit_cache"/>
					<CompileFile command="/usr/bin/make -j8 -f &quot;/Users/vorpal/Development/C++/math/debug/Makefile&quot;  VERBOSE=1 &quot;$file&quot;"/>
					<Clean command="/usr/bin/make -j8 -f &quot;/Users/vorpal/Development/C++/math/debug/Makefile&quot;  VERBOSE=1 clean"/>
					<DistClean command="/usr/bin/make -j8 -f &quot;/Users/vorpal/Development/C++/math/debug/Makefile&quot;  VERBOSE=1 clean"/>
				</MakeCommands>
			</Target>
			<Target title="asc">
				<Option output="/Users/vorpal/Development/C++/math/debug/asc" prefix_auto="0" extension_auto="0"/>
				<Option working_dir="/Users/vorpal/Development/C++/math/debug"/>
				<Option object_output="./"/>
				<Option type="1"/>
				<Option compiler="gcc"/>
				<Compiler>
					<Add directory="/Users/vorpal/Development/C++/math/src"/>
					<Add directory="/usr/local/Cellar/gcc/9.1.0/lib/gcc/9/gcc/x86_64-apple-darwin18/9.1.0/../../../../../../include/c++/9.1.0"/>
					<Add directory="/usr/local/Cellar/gcc/9.1.0/lib/gcc/9/gcc/x86_64-apple-darwin18/9.1.0/../../../../../../include/c++/9.1.0/x86_64-apple-darwin18"/>
					<Add directory="/usr/local/Cellar/gcc/9.1.0/lib/gcc/9/gcc/x86_64-apple-darwin18/9.1.0/../../../../../../include/c++/9.1.0/backward"/>
					<Add directory="/usr/local/Cellar/gcc/9.1.0/lib/gcc/9/gcc/x86_64-apple-darwin18/9.1.0/include"/>
					<Add directory="/usr/local/Cellar/gcc/9.1.0/lib/gcc/9/gcc/x86_64-apple-darwin18/9.1.0/include-fixed"/>
					<Add directory="/Applications/Xcode.app/Contents/Developer/Platforms/MacOSX.platform/Developer/SDKs/MacOSX10.14.sdk/usr/include"/>
					<Add directory="/Applications/Xcode.app/Contents/Developer/Platforms/MacOSX.platform/Developer/SDKs/MacOSX10.14.sdk/System/Library/Frameworks"/>
				</Compiler>
				<MakeCommands>
					<Build command="/usr/bin/make -j8 -f &quot;/Users/vorpal/Development/C++/math/debug/Makefile&quot;  VERBOSE=1 asc"/>
					<CompileFile command="/usr/bin/make -j8 -f &quot;/Users/vorpal/Development/C++/math/debug/Makefile&quot;  VERBOSE=1 &quot;$file&quot;"/>
					<Clean command="/usr/bin/make -j8 -f &quot;/Users/vorpal/Development/C++/math/debug/Makefile&quot;  VERBOSE=1 clean"/>
					<DistClean command="/usr/bin/make -j8 -f &quot;/Users/vorpal/Development/C++/math/debug/Makefile&quot;  VERBOSE=1 clean"/>
				</MakeCommands>
			</Target>
			<Target title="asc/fast">
				<Option output="/Users/vorpal/Development/C++/math/debug/asc" prefix_auto="0" extension_auto="0"/>
				<Option working_dir="/Users/vorpal/Development/C++/math/debug"/>
				<Option object_output="./"/>
				<Option type="1"/>
				<Option compiler="gcc"/>
				<Compiler>
					<Add directory="/Users/vorpal/Development/C++/math/src"/>
					<Add directory="/usr/local/Cellar/gcc/9.1.0/lib/gcc/9/gcc/x86_64-apple-darwin18/9.1.0/../../../../../../include/c++/9.1.0"/>
					<Add directory="/usr/local/Cellar/gcc/9.1.0/lib/gcc/9/gcc/x86_64-apple-darwin18/9.1.0/../../../../../../include/c++/9.1.0/x86_64-apple-darwin18"/>
					<Add directory="/usr/local/Cellar/gcc/9.1.0/lib/gcc/9/gcc/x86_64-apple-darwin18/9.1.0/../../../../../../include/c++/9.1.0/backward"/>
					<Add directory="/usr/local/Cellar/gcc/9.1.0/lib/gcc/9/gcc/x86_64-apple-darwin18/9.1.0/include"/>
					<Add directory="/usr/local/Cellar/gcc/9.1.0/lib/gcc/9/gcc/x86_64-apple-darwin18/9.1.0/include-fixed"/>
					<Add directory="/Applications/Xcode.app/Contents/Developer/Platforms/MacOSX.platform/Developer/SDKs/MacOSX10.14.sdk/usr/include"/>
					<Add directory="/Applications/Xcode.app/Contents/Developer/Platforms/MacOSX.platform/Developer/SDKs/MacOSX10.14.sdk/System/Library/Frameworks"/>
				</Compiler>
				<MakeCommands>
					<Build command="/usr/bin/make -j8 -f &quot;/Users/vorpal/Development/C++/math/debug/Makefile&quot;  VERBOSE=1 asc/fast"/>
					<CompileFile command="/usr/bin/make -j8 -f &quot;/Users/vorpal/Development/C++/math/debug/Makefile&quot;  VERBOSE=1 &quot;$file&quot;"/>
					<Clean command="/usr/bin/make -j8 -f &quot;/Users/vorpal/Development/C++/math/debug/Makefile&quot;  VERBOSE=1 clean"/>
					<DistClean command="/usr/bin/make -j8 -f &quot;/Users/vorpal/Development/C++/math/debug/Makefile&quot;  VERBOSE=1 clean"/>
				</MakeCommands>
			</Target>
			<Target title="math">
				<Option output="/Users/vorpal/Development/C++/math/debug/src/libmath.a" prefix_auto="0" extension_auto="0"/>
				<Option working_dir="/Users/vorpal/Development/C++/math/debug/src"/>
				<Option object_output="./"/>
				<Option type="2"/>
				<Option compiler="gcc"/>
				<Compiler>
					<Add directory="/Users/vorpal/Development/C++/math/src"/>
					<Add directory="/usr/local/Cellar/gcc/9.1.0/lib/gcc/9/gcc/x86_64-apple-darwin18/9.1.0/../../../../../../include/c++/9.1.0"/>
					<Add directory="/usr/local/Cellar/gcc/9.1.0/lib/gcc/9/gcc/x86_64-apple-darwin18/9.1.0/../../../../../../include/c++/9.1.0/x86_64-apple-darwin18"/>
					<Add directory="/usr/local/Cellar/gcc/9.1.0/lib/gcc/9/gcc/x86_64-apple-darwin18/9.1.0/../../../../../../include/c++/9.1.0/backward"/>
					<Add directory="/usr/local/Cellar/gcc/9.1.0/lib/gcc/9/gcc/x86_64-apple-darwin18/9.1.0/include"/>
					<Add directory="/usr/local/Cellar/gcc/9.1.0/lib/gcc/9/gcc/x86_64-apple-darwin18/9.1.0/include-fixed"/>
					<Add directory="/Applications/Xcode.app/Contents/Developer/Platforms/MacOSX.platform/Developer/SDKs/MacOSX10.14.sdk/usr/include"/>
					<Add directory="/Applications/Xcode.app/Contents/Developer/Platforms/MacOSX.platform/Developer/SDKs/MacOSX10.14.sdk/System/Library/Frameworks"/>
				</Compiler>
				<MakeCommands>
					<Build command="/usr/bin/make -j8 -f &quot;/Users/vorpal/Development/C++/math/debug/src/Makefile&quot;  VERBOSE=1 math"/>
					<CompileFile command="/usr/bin/make -j8 -f &quot;/Users/vorpal/Development/C++/math/debug/src/Makefile&quot;  VERBOSE=1 &quot;$file&quot;"/>
					<Clean command="/usr/bin/make -j8 -f &quot;/Users/vorpal/Development/C++/math/debug/src/Makefile&quot;  VERBOSE=1 clean"/>
					<DistClean command="/usr/bin/make -j8 -f &quot;/Users/vorpal/Development/C++/math/debug/src/Makefile&quot;  VERBOSE=1 clean"/>
				</MakeCommands>
			</Target>
			<Target title="math/fast">
				<Option output="/Users/vorpal/Development/C++/math/debug/src/libmath.a" prefix_auto="0" extension_auto="0"/>
				<Option working_dir="/Users/vorpal/Development/C++/math/debug/src"/>
				<Option object_output="./"/>
				<Option type="2"/>
				<Option compiler="gcc"/>
				<Compiler>
					<Add directory="/Users/vorpal/Development/C++/math/src"/>
					<Add directory="/usr/local/Cellar/gcc/9.1.0/lib/gcc/9/gcc/x86_64-apple-darwin18/9.1.0/../../../../../../include/c++/9.1.0"/>
					<Add directory="/usr/local/Cellar/gcc/9.1.0/lib/gcc/9/gcc/x86_64-apple-darwin18/9.1.0/../../../../../../include/c++/9.1.0/x86_64-apple-darwin18"/>
					<Add directory="/usr/local/Cellar/gcc/9.1.0/lib/gcc/9/gcc/x86_64-apple-darwin18/9.1.0/../../../../../../include/c++/9.1.0/backward"/>
					<Add directory="/usr/local/Cellar/gcc/9.1.0/lib/gcc/9/gcc/x86_64-apple-darwin18/9.1.0/include"/>
					<Add directory="/usr/local/Cellar/gcc/9.1.0/lib/gcc/9/gcc/x86_64-apple-darwin18/9.1.0/include-fixed"/>
					<Add directory="/Applications/Xcode.app/Contents/Developer/Platforms/MacOSX.platform/Developer/SDKs/MacOSX10.14.sdk/usr/include"/>
					<Add directory="/Applications/Xcode.app/Contents/Developer/Platforms/MacOSX.platform/Developer/SDKs/MacOSX10.14.sdk/System/Library/Frameworks"/>
				</Compiler>
				<MakeCommands>
					<Build command="/usr/bin/make -j8 -f &quot;/Users/vorpal/Development/C++/math/debug/src/Makefile&quot;  VERBOSE=1 math/fast"/>
					<CompileFile command="/usr/bin/make -j8 -f &quot;/Users/vorpal/Development/C++/math/debug/src/Makefile&quot;  VERBOSE=1 &quot;$file&quot;"/>
					<Clean command="/usr/bin/make -j8 -f &quot;/Users/vorpal/Development/C++/math/debug/src/Makefile&quot;  VERBOSE=1 clean"/>
					<DistClean command="/usr/bin/make -j8 -f &quot;/Users/vorpal/Development/C++/math/debug/src/Makefile&quot;  VERBOSE=1 clean"/>
				</MakeCommands>
			</Target>
		</Build>
		<Unit filename="/Users/vorpal/Development/C++/math/main.cpp">
			<Option target="asc"/>
		</Unit>
		<Unit filename="/Users/vorpal/Development/C++/math/src/AbstractSimplicialComplex.cpp">
			<Option target="math"/>
		</Unit>
		<Unit filename="/Users/vorpal/Development/C++/math/src/AbstractSimplicialComplex.h">
			<Option target="math"/>
		</Unit>
		<Unit filename="/Users/vorpal/Development/C++/math/CMakeLists.txt">
			<Option virtualFolder="CMake Files\"/>
		</Unit>
		<Unit filename="/Users/vorpal/Development/C++/math/src/CMakeLists.txt">
			<Option virtualFolder="CMake Files\src\"/>
		</Unit>
	</Project>
</CodeBlocks_project_file>
